
Microsoft Visual Studio Solution File, Format Version 12.00
# Visual Studio Version 17
VisualStudioVersion = 17.4.33213.308
MinimumVisualStudioVersion = 10.0.40219.1
Project("{FAE04EC0-301F-11D3-BF4B-00C04F79EFBC}") = "ProjetoTI18N", "ProjetoTI18N\ProjetoTI18N.csproj", "{22257F64-9863-4697-9E2E-EE77088B6899}"
EndProject
Global
	GlobalSection(SolutionConfigurationPlatforms) = preSolution
		Debug|Any CPU = Debug|Any CPU
		Release|Any CPU = Release|Any CPU
	EndGlobalSection
	GlobalSection(ProjectConfigurationPlatforms) = postSolution
		{22257F64-9863-4697-9E2E-EE77088B6899}.Debug|Any CPU.ActiveCfg = Debug|Any CPU
		{22257F64-9863-4697-9E2E-EE77088B6899}.Debug|Any CPU.Build.0 = Debug|Any CPU
		{22257F64-9863-4697-9E2E-EE77088B6899}.Release|Any CPU.ActiveCfg = Release|Any CPU
		{22257F64-9863-4697-9E2E-EE77088B6899}.Release|Any CPU.Build.0 = Release|Any CPU
	EndGlobalSection
	GlobalSection(SolutionProperties) = preSolution
		HideSolutionNode = FALSE
	EndGlobalSection
	GlobalSection(ExtensibilityGlobals) = postSolution
		SolutionGuid = {316A1A4B-9F1D-4107-BB12-65D09980BFFB}
	EndGlobalSection
EndGlobal
